
Microsoft Visual Studio Solution File, Format Version 12.00
# Visual Studio 15
VisualStudioVersion = 15.0.28307.329
MinimumVisualStudioVersion = 10.0.40219.1
Project("{FAE04EC0-301F-11D3-BF4B-00C04F79EFBC}") = "Basic Program", "Basic Program\Basic Program.csproj", "{6A5E7FAE-B494-4FA1-8773-6E8DD013FBDA}"
EndProject
Global
	GlobalSection(SolutionConfigurationPlatforms) = preSolution
		Debug|Any CPU = Debug|Any CPU
		Release|Any CPU = Release|Any CPU
	EndGlobalSection
	GlobalSection(ProjectConfigurationPlatforms) = postSolution
		{6A5E7FAE-B494-4FA1-8773-6E8DD013FBDA}.Debug|Any CPU.ActiveCfg = Debug|Any CPU
		{6A5E7FAE-B494-4FA1-8773-6E8DD013FBDA}.Debug|Any CPU.Build.0 = Debug|Any CPU
		{6A5E7FAE-B494-4FA1-8773-6E8DD013FBDA}.Release|Any CPU.ActiveCfg = Release|Any CPU
		{6A5E7FAE-B494-4FA1-8773-6E8DD013FBDA}.Release|Any CPU.Build.0 = Release|Any CPU
	EndGlobalSection
	GlobalSection(SolutionProperties) = preSolution
		HideSolutionNode = FALSE
	EndGlobalSection
	GlobalSection(ExtensibilityGlobals) = postSolution
		SolutionGuid = {78EAC3E4-87CA-4D4A-AFC8-A1A73604F82F}
	EndGlobalSection
EndGlobal
